{
  "name": "claude-mobile-termux",
  "version": "1.0.0",
  "lockfileVersion": 3,
  "requires": true,
  "packages": {
    "": {
      "name": "claude-mobile-termux",
      "version": "1.0.0",
      "cpu": [
        "arm64"
      ],
      "license": "MIT",
      "os": [
        "android"
      ],
      "bin": {
        "claude-mobile-termux": "npm-bin/install.js"
      },
      "engines": {
        "node": ">=18"
      }
    }
  }
}
